
Microsoft Visual Studio Solution File, Format Version 12.00
# Visual Studio Version 16
VisualStudioVersion = 16.0.31112.23
MinimumVisualStudioVersion = 10.0.40219.1
Project("{9A19103F-16F7-4668-BE54-9A1E7A4F7556}") = "Calculator.Tests", "WorkWithTest.Tests\Calculator.Tests.csproj", "{154AB9EB-9421-4960-979B-F22091E333FD}"
EndProject
Project("{FAE04EC0-301F-11D3-BF4B-00C04F79EFBC}") = "Calculator", "Calculator\Calculator.csproj", "{C52182B0-D455-46E1-9778-73B993E77064}"
EndProject
Global
	GlobalSection(SolutionConfigurationPlatforms) = preSolution
		Debug|Any CPU = Debug|Any CPU
		Release|Any CPU = Release|Any CPU
	EndGlobalSection
	GlobalSection(ProjectConfigurationPlatforms) = postSolution
		{154AB9EB-9421-4960-979B-F22091E333FD}.Debug|Any CPU.ActiveCfg = Debug|Any CPU
		{154AB9EB-9421-4960-979B-F22091E333FD}.Debug|Any CPU.Build.0 = Debug|Any CPU
		{154AB9EB-9421-4960-979B-F22091E333FD}.Release|Any CPU.ActiveCfg = Release|Any CPU
		{154AB9EB-9421-4960-979B-F22091E333FD}.Release|Any CPU.Build.0 = Release|Any CPU
		{C52182B0-D455-46E1-9778-73B993E77064}.Debug|Any CPU.ActiveCfg = Debug|Any CPU
		{C52182B0-D455-46E1-9778-73B993E77064}.Debug|Any CPU.Build.0 = Debug|Any CPU
		{C52182B0-D455-46E1-9778-73B993E77064}.Release|Any CPU.ActiveCfg = Release|Any CPU
		{C52182B0-D455-46E1-9778-73B993E77064}.Release|Any CPU.Build.0 = Release|Any CPU
	EndGlobalSection
	GlobalSection(SolutionProperties) = preSolution
		HideSolutionNode = FALSE
	EndGlobalSection
	GlobalSection(ExtensibilityGlobals) = postSolution
		SolutionGuid = {5BA00FD4-10DF-4444-8EA2-3E4478BAC739}
	EndGlobalSection
EndGlobal
