
Microsoft Visual Studio Solution File, Format Version 12.00
# Visual Studio Version 16
VisualStudioVersion = 16.0.30717.126
MinimumVisualStudioVersion = 10.0.40219.1
Project("{9A19103F-16F7-4668-BE54-9A1E7A4F7556}") = "LinkedList", "LinkedList\LinkedList.csproj", "{396A4580-E082-47A1-A3D6-1E559D70AD3A}"
EndProject
Project("{FAE04EC0-301F-11D3-BF4B-00C04F79EFBC}") = "DoublyLinkedList", "DoublyLinkedList\DoublyLinkedList.csproj", "{15AC2913-B8AC-4518-9E6E-C6EACA4549A4}"
EndProject
Project("{FAE04EC0-301F-11D3-BF4B-00C04F79EFBC}") = "_Stack", "_Stack\_Stack.csproj", "{AEF6D9B1-8333-4F68-83DB-17F299177324}"
EndProject
Global
	GlobalSection(SolutionConfigurationPlatforms) = preSolution
		Debug|Any CPU = Debug|Any CPU
		Release|Any CPU = Release|Any CPU
	EndGlobalSection
	GlobalSection(ProjectConfigurationPlatforms) = postSolution
		{396A4580-E082-47A1-A3D6-1E559D70AD3A}.Debug|Any CPU.ActiveCfg = Debug|Any CPU
		{396A4580-E082-47A1-A3D6-1E559D70AD3A}.Debug|Any CPU.Build.0 = Debug|Any CPU
		{396A4580-E082-47A1-A3D6-1E559D70AD3A}.Release|Any CPU.ActiveCfg = Release|Any CPU
		{396A4580-E082-47A1-A3D6-1E559D70AD3A}.Release|Any CPU.Build.0 = Release|Any CPU
		{15AC2913-B8AC-4518-9E6E-C6EACA4549A4}.Debug|Any CPU.ActiveCfg = Debug|Any CPU
		{15AC2913-B8AC-4518-9E6E-C6EACA4549A4}.Debug|Any CPU.Build.0 = Debug|Any CPU
		{15AC2913-B8AC-4518-9E6E-C6EACA4549A4}.Release|Any CPU.ActiveCfg = Release|Any CPU
		{15AC2913-B8AC-4518-9E6E-C6EACA4549A4}.Release|Any CPU.Build.0 = Release|Any CPU
		{AEF6D9B1-8333-4F68-83DB-17F299177324}.Debug|Any CPU.ActiveCfg = Debug|Any CPU
		{AEF6D9B1-8333-4F68-83DB-17F299177324}.Debug|Any CPU.Build.0 = Debug|Any CPU
		{AEF6D9B1-8333-4F68-83DB-17F299177324}.Release|Any CPU.ActiveCfg = Release|Any CPU
		{AEF6D9B1-8333-4F68-83DB-17F299177324}.Release|Any CPU.Build.0 = Release|Any CPU
	EndGlobalSection
	GlobalSection(SolutionProperties) = preSolution
		HideSolutionNode = FALSE
	EndGlobalSection
	GlobalSection(ExtensibilityGlobals) = postSolution
		SolutionGuid = {5E6F7F72-41BC-4DAB-BE1A-211F33DDE8F9}
	EndGlobalSection
EndGlobal
