
Microsoft Visual Studio Solution File, Format Version 12.00
# Visual Studio Version 16
VisualStudioVersion = 16.0.31112.23
MinimumVisualStudioVersion = 10.0.40219.1
Project("{9A19103F-16F7-4668-BE54-9A1E7A4F7556}") = "Repository", "Design Pattern_Repository_\Repository.csproj", "{D67080E8-C18F-45E9-89DF-E50BAB4F2483}"
EndProject
Global
	GlobalSection(SolutionConfigurationPlatforms) = preSolution
		Debug|Any CPU = Debug|Any CPU
		Release|Any CPU = Release|Any CPU
	EndGlobalSection
	GlobalSection(ProjectConfigurationPlatforms) = postSolution
		{D67080E8-C18F-45E9-89DF-E50BAB4F2483}.Debug|Any CPU.ActiveCfg = Debug|Any CPU
		{D67080E8-C18F-45E9-89DF-E50BAB4F2483}.Debug|Any CPU.Build.0 = Debug|Any CPU
		{D67080E8-C18F-45E9-89DF-E50BAB4F2483}.Release|Any CPU.ActiveCfg = Release|Any CPU
		{D67080E8-C18F-45E9-89DF-E50BAB4F2483}.Release|Any CPU.Build.0 = Release|Any CPU
	EndGlobalSection
	GlobalSection(SolutionProperties) = preSolution
		HideSolutionNode = FALSE
	EndGlobalSection
	GlobalSection(ExtensibilityGlobals) = postSolution
		SolutionGuid = {6DDECEE1-FAEE-49CA-9093-50C0FA46F021}
	EndGlobalSection
EndGlobal
